
Microsoft Visual Studio Solution File, Format Version 12.00
# Visual Studio Version 17
VisualStudioVersion = 17.9.34723.18
MinimumVisualStudioVersion = 10.0.40219.1
Project("{FAE04EC0-301F-11D3-BF4B-00C04F79EFBC}") = "API", "API\API.csproj", "{91CE8180-705F-4B4C-83DA-8F4E0CEA3B5F}"
EndProject
Project("{FAE04EC0-301F-11D3-BF4B-00C04F79EFBC}") = "Core", "Core\Core.csproj", "{6CF8E3D1-11AD-4D85-9DFE-09536293CF82}"
EndProject
Project("{FAE04EC0-301F-11D3-BF4B-00C04F79EFBC}") = "Infrastructure", "Infrastructure\Infrastructure.csproj", "{821933D3-DE8E-4B00-B6AC-13AAB348564A}"
EndProject
Global
	GlobalSection(SolutionConfigurationPlatforms) = preSolution
		Debug|Any CPU = Debug|Any CPU
		Release|Any CPU = Release|Any CPU
	EndGlobalSection
	GlobalSection(ProjectConfigurationPlatforms) = postSolution
		{91CE8180-705F-4B4C-83DA-8F4E0CEA3B5F}.Debug|Any CPU.ActiveCfg = Debug|Any CPU
		{91CE8180-705F-4B4C-83DA-8F4E0CEA3B5F}.Debug|Any CPU.Build.0 = Debug|Any CPU
		{91CE8180-705F-4B4C-83DA-8F4E0CEA3B5F}.Release|Any CPU.ActiveCfg = Release|Any CPU
		{91CE8180-705F-4B4C-83DA-8F4E0CEA3B5F}.Release|Any CPU.Build.0 = Release|Any CPU
		{6CF8E3D1-11AD-4D85-9DFE-09536293CF82}.Debug|Any CPU.ActiveCfg = Debug|Any CPU
		{6CF8E3D1-11AD-4D85-9DFE-09536293CF82}.Debug|Any CPU.Build.0 = Debug|Any CPU
		{6CF8E3D1-11AD-4D85-9DFE-09536293CF82}.Release|Any CPU.ActiveCfg = Release|Any CPU
		{6CF8E3D1-11AD-4D85-9DFE-09536293CF82}.Release|Any CPU.Build.0 = Release|Any CPU
		{821933D3-DE8E-4B00-B6AC-13AAB348564A}.Debug|Any CPU.ActiveCfg = Debug|Any CPU
		{821933D3-DE8E-4B00-B6AC-13AAB348564A}.Debug|Any CPU.Build.0 = Debug|Any CPU
		{821933D3-DE8E-4B00-B6AC-13AAB348564A}.Release|Any CPU.ActiveCfg = Release|Any CPU
		{821933D3-DE8E-4B00-B6AC-13AAB348564A}.Release|Any CPU.Build.0 = Release|Any CPU
	EndGlobalSection
	GlobalSection(SolutionProperties) = preSolution
		HideSolutionNode = FALSE
	EndGlobalSection
	GlobalSection(ExtensibilityGlobals) = postSolution
		SolutionGuid = {C9CF553B-CCAE-4A9F-981A-D44EEFDE58F7}
	EndGlobalSection
EndGlobal
